# This file is automatically @generated by Cargo.
# It is not intended for manual editing.
version = 4

[[package]]
name = "allocator-api2"
version = "0.2.21"
source = "registry+https://github.com/rust-lang/crates.io-index"
checksum = "683d7910e743518b0e34f1186f92494becacb047c7b6bf616c96772180fef923"

[[package]]
name = "allocator-api2"
version = "0.3.0"
source = "registry+https://github.com/rust-lang/crates.io-index"
checksum = "78200ac3468a57d333cd0ea5dd398e25111194dcacd49208afca95c629a6311d"

[[package]]
name = "allocator-api2"
version = "0.4.0"
source = "registry+https://github.com/rust-lang/crates.io-index"
checksum = "c880a97d28a3681c0267bd29cff89621202715b065127cd445fa0f0fe0aa2880"

[[package]]
name = "blink-alloc"
version = "0.3.1"
source = "registry+https://github.com/rust-lang/crates.io-index"
checksum = "e669f146bb8b2327006ed94c69cf78c8ec81c100192564654230a40b4f091d82"
dependencies = [
 "allocator-api2 0.2.21",
]

[[package]]
name = "bump-scope"
version = "2.0.0"
source = "registry+https://github.com/rust-lang/crates.io-index"
checksum = "0549fec48b883f1c38c74f2a1d3b5cc2d7a579ea5a2029873be7098ff2daa939"
dependencies = [
 "allocator-api2 0.2.21",
 "allocator-api2 0.3.0",
 "allocator-api2 0.4.0",
]

[[package]]
name = "bumpalo"
version = "3.19.1"
source = "registry+https://github.com/rust-lang/crates.io-index"
checksum = "5dd9dc738b7a8311c7ade152424974d8115f2cdad61e8dab8dac9f2362298510"
dependencies = [
 "allocator-api2 0.2.21",
]

[[package]]
name = "inspect-asm"
version = "0.0.0"
dependencies = [
 "allocator-api2 0.2.21",
 "blink-alloc",
 "bump-scope",
 "bumpalo",
]
