# This file is automatically @generated by Cargo.
# It is not intended for manual editing.
version = 4

[[package]]
name = "allocator-api2"
version = "0.2.21"
source = "registry+https://github.com/rust-lang/crates.io-index"
checksum = "683d7910e743518b0e34f1186f92494becacb047c7b6bf616c96772180fef923"

[[package]]
name = "allocator-api2"
version = "0.3.0"
source = "registry+https://github.com/rust-lang/crates.io-index"
checksum = "78200ac3468a57d333cd0ea5dd398e25111194dcacd49208afca95c629a6311d"

[[package]]
name = "allocator-api2"
version = "0.4.0"
source = "registry+https://github.com/rust-lang/crates.io-index"
checksum = "c880a97d28a3681c0267bd29cff89621202715b065127cd445fa0f0fe0aa2880"

[[package]]
name = "blink-alloc"
version = "0.4.0"
source = "registry+https://github.com/rust-lang/crates.io-index"
checksum = "ce4c15bad517bc0fb4a44523adf470e2c3eb3a365769327acdba849948ea3705"
dependencies = [
 "allocator-api2 0.4.0",
]

[[package]]
name = "bump-scope"
version = "2.3.0"
source = "registry+https://github.com/rust-lang/crates.io-index"
checksum = "75c92107a87c788fc556501c24f53a8d9c2b1aefefe4a6e4af1e5804e80cb3a8"
dependencies = [
 "allocator-api2 0.2.21",
 "allocator-api2 0.3.0",
 "allocator-api2 0.4.0",
]

[[package]]
name = "bumpalo"
version = "3.20.2"
source = "registry+https://github.com/rust-lang/crates.io-index"
checksum = "5d20789868f4b01b2f2caec9f5c4e0213b41e3e5702a50157d699ae31ced2fcb"
dependencies = [
 "allocator-api2 0.2.21",
]

[[package]]
name = "inspect-asm"
version = "0.0.0"
dependencies = [
 "allocator-api2 0.2.21",
 "allocator-api2 0.4.0",
 "blink-alloc",
 "bump-scope",
 "bumpalo",
]
